
Microsoft Visual Studio Solution File, Format Version 12.00
# Visual Studio 15
VisualStudioVersion = 15.0.28307.572
MinimumVisualStudioVersion = 10.0.40219.1
Project("{FAE04EC0-301F-11D3-BF4B-00C04F79EFBC}") = "hello_World", "hello_World\hello_World.csproj", "{2D14DB48-0A34-4CAD-9E65-464F4D46AF4D}"
EndProject
Project("{FAE04EC0-301F-11D3-BF4B-00C04F79EFBC}") = "variable", "variable\variable.csproj", "{5054A3F4-7C79-4083-BCF6-A84210F0D817}"
EndProject
Project("{FAE04EC0-301F-11D3-BF4B-00C04F79EFBC}") = "style", "style\style.csproj", "{5C97458C-88F8-4D80-9FF6-02533DBD05F6}"
EndProject
Project("{FAE04EC0-301F-11D3-BF4B-00C04F79EFBC}") = "Main_Player", "Main_Player\Main_Player.csproj", "{F72F1E8F-90A2-47CB-8B1C-D9B4BC861419}"
EndProject
Project("{FAE04EC0-301F-11D3-BF4B-00C04F79EFBC}") = "@", "@\@.csproj", "{7FB2EC60-E0CD-4260-BC8A-79A588156356}"
EndProject
Project("{FAE04EC0-301F-11D3-BF4B-00C04F79EFBC}") = "variable2", "variable2\variable2.csproj", "{FDA7ADE5-C3D8-4C53-9017-5E0A41050343}"
EndProject
Project("{FAE04EC0-301F-11D3-BF4B-00C04F79EFBC}") = "Operator", "Operator\Operator.csproj", "{76249AC2-D3F8-42B2-920E-5105CA1FE9A3}"
EndProject
Project("{FAE04EC0-301F-11D3-BF4B-00C04F79EFBC}") = "increase_and_decrease", "increase_and_decrease\increase_and_decrease.csproj", "{0E433EF9-EEE1-462A-A6DA-D365A9FF2F6A}"
EndProject
Project("{FAE04EC0-301F-11D3-BF4B-00C04F79EFBC}") = "ReadLine", "ReadLine\ReadLine.csproj", "{745A6F6E-66A2-4B46-983F-B358DFA1D3A1}"
EndProject
Project("{FAE04EC0-301F-11D3-BF4B-00C04F79EFBC}") = "接收输入和输出", "接收输入和输出\接收输入和输出.csproj", "{2E25856C-1C12-4192-B43A-13D83347197F}"
EndProject
Project("{FAE04EC0-301F-11D3-BF4B-00C04F79EFBC}") = "赋值运算符", "赋值运算符\赋值运算符.csproj", "{2E2BA503-5614-4E96-8E9C-FCBF31D84B7B}"
EndProject
Project("{FAE04EC0-301F-11D3-BF4B-00C04F79EFBC}") = "运算符的优先级", "运算符的优先级\运算符的优先级.csproj", "{8793122B-E66B-4ED6-BD5F-819873A1D702}"
EndProject
Project("{FAE04EC0-301F-11D3-BF4B-00C04F79EFBC}") = "练习一和二", "练习一和二\练习一和二.csproj", "{70176FA0-8102-430C-8D47-9575F83ED954}"
EndProject
Project("{FAE04EC0-301F-11D3-BF4B-00C04F79EFBC}") = "练习三和四", "练习三和四\练习三和四.csproj", "{DD21102C-A291-4694-AE0F-91A9B61876FA}"
EndProject
Project("{FAE04EC0-301F-11D3-BF4B-00C04F79EFBC}") = "梯形面积", "梯形面积\梯形面积.csproj", "{AD708EA5-B067-42E5-BCAE-8941E87E302B}"
EndProject
Project("{FAE04EC0-301F-11D3-BF4B-00C04F79EFBC}") = "布尔运算", "布尔运算\布尔运算.csproj", "{86B8BD85-AACD-4709-BED1-231ECC30F3D0}"
EndProject
Project("{FAE04EC0-301F-11D3-BF4B-00C04F79EFBC}") = "条件布尔运算符", "条件布尔运算符\条件布尔运算符.csproj", "{DCE02C64-56D0-40CB-BA97-849909EDADE0}"
EndProject
Project("{FAE04EC0-301F-11D3-BF4B-00C04F79EFBC}") = "goto语句", "goto语句\goto语句.csproj", "{50EB7F92-5B92-49B2-8BFE-3EB7006B4D52}"
EndProject
Project("{FAE04EC0-301F-11D3-BF4B-00C04F79EFBC}") = "if语句", "if语句\if语句.csproj", "{F23E13AA-CF9A-4DAC-8614-78509C800791}"
EndProject
Project("{FAE04EC0-301F-11D3-BF4B-00C04F79EFBC}") = "三元运算符", "三元运算符\三元运算符.csproj", "{22A924CF-033A-4D9F-837B-D6AC22AD039D}"
EndProject
Project("{FAE04EC0-301F-11D3-BF4B-00C04F79EFBC}") = "if_else_if多条件判断", "if_else_if多条件判断\if_else_if多条件判断.csproj", "{52EC6908-B67B-4818-943C-36C5573881E8}"
EndProject
Project("{FAE04EC0-301F-11D3-BF4B-00C04F79EFBC}") = "switch语句", "switch语句\switch语句.csproj", "{62C26A8A-D893-49C7-8F69-3CB38D0C55DD}"
EndProject
Project("{FAE04EC0-301F-11D3-BF4B-00C04F79EFBC}") = "while循环", "while循环\while循环.csproj", "{14872BB5-87E6-4DFE-B244-97954EEB2604}"
EndProject
Project("{FAE04EC0-301F-11D3-BF4B-00C04F79EFBC}") = "do_while循环", "do_while循环\do_while循环.csproj", "{72A59A49-7F76-4745-A506-E94FB824835C}"
EndProject
Project("{FAE04EC0-301F-11D3-BF4B-00C04F79EFBC}") = "for循环", "for循环\for循环.csproj", "{2514627C-5307-438A-8B68-23D8B3C2A584}"
EndProject
Project("{FAE04EC0-301F-11D3-BF4B-00C04F79EFBC}") = "循环的终止break", "循环的终止break\循环的终止break.csproj", "{0DE51565-0BD4-42EE-AE9E-F256FC84FCF5}"
EndProject
Project("{FAE04EC0-301F-11D3-BF4B-00C04F79EFBC}") = "循环的中断Continue", "循环的中断Continue\循环的中断Continue.csproj", "{C10CEF3A-F172-4EFB-83F5-64719AF7AE42}"
EndProject
Project("{FAE04EC0-301F-11D3-BF4B-00C04F79EFBC}") = "goto和return跳出循环", "goto和return跳出循环\goto和return跳出循环.csproj", "{57FEC54D-B6DF-4931-A4BB-18B337D772E0}"
EndProject
Project("{FAE04EC0-301F-11D3-BF4B-00C04F79EFBC}") = "练习1和2_布尔运算符和数学运算符的练习", "练习1和2_布尔运算符和数学运算符的练习\练习1和2_布尔运算符和数学运算符的练习.csproj", "{D9A22483-596A-495D-B57B-E7C91FC2973C}"
EndProject
Project("{FAE04EC0-301F-11D3-BF4B-00C04F79EFBC}") = "练习4和5_for循环练习", "练习4和5_for循环练习\练习4和5_for循环练习.csproj", "{06321099-E3F4-40B9-A496-1FC2A95B21BD}"
EndProject
Project("{FAE04EC0-301F-11D3-BF4B-00C04F79EFBC}") = "练习5和6", "练习5和6\练习5和6.csproj", "{D0E10167-C697-473F-9F67-9A036449592E}"
EndProject
Project("{FAE04EC0-301F-11D3-BF4B-00C04F79EFBC}") = "for的循环套用", "for的循环套用\for的循环套用.csproj", "{08A80877-85D2-4209-B7B6-D58158EDA3CC}"
EndProject
Project("{FAE04EC0-301F-11D3-BF4B-00C04F79EFBC}") = "循环结构练习-字符串和字符之间的套用", "循环结构练习-字符串和字符之间的套用\循环结构练习-字符串和字符之间的套用.csproj", "{5698808F-6206-4B65-899E-04B86546E9C7}"
EndProject
Project("{FAE04EC0-301F-11D3-BF4B-00C04F79EFBC}") = "练习12和13_循环练习", "练习12和13_循环练习\练习12和13_循环练习.csproj", "{6EFC775C-1D9E-4051-8BB7-6FAB8B8C214F}"
EndProject
Project("{FAE04EC0-301F-11D3-BF4B-00C04F79EFBC}") = "显示转换和隐式转换", "显示转换和隐式转换\显示转换和隐式转换.csproj", "{B8A32C84-F442-46C2-A72C-C1E7C4CD5392}"
EndProject
Project("{FAE04EC0-301F-11D3-BF4B-00C04F79EFBC}") = "枚举类型", "枚举类型\枚举类型.csproj", "{6C83BD8C-991E-4D1A-83F2-B1C05985C82C}"
EndProject
Project("{FAE04EC0-301F-11D3-BF4B-00C04F79EFBC}") = "数组", "数组\数组.csproj", "{4DAF9DE1-5B23-4E88-9502-A0B5FD2E5301}"
EndProject
Project("{FAE04EC0-301F-11D3-BF4B-00C04F79EFBC}") = "数组的遍历", "数组的遍历\数组的遍历.csproj", "{EEB1A47F-B97D-47AB-B757-54A14E5B8586}"
EndProject
Project("{FAE04EC0-301F-11D3-BF4B-00C04F79EFBC}") = "字符串处理", "字符串处理\字符串处理.csproj", "{A09B83BC-C034-4DE2-A3B1-7FD0A4074549}"
EndProject
Project("{FAE04EC0-301F-11D3-BF4B-00C04F79EFBC}") = "练习1和2_循环结构", "练习1和2_循环结构\练习1和2_循环结构.csproj", "{50180FFD-AF44-47D8-8003-631AD58DDA28}"
EndProject
Project("{FAE04EC0-301F-11D3-BF4B-00C04F79EFBC}") = "练习3和4_练习for循环和字符串操作", "练习3和4_练习for循环和字符串操作\练习3和4_练习for循环和字符串操作.csproj", "{B0AC8CEE-72C4-4D7C-98F3-C71A827EB6E3}"
EndProject
Project("{FAE04EC0-301F-11D3-BF4B-00C04F79EFBC}") = "练习5_对数组的排序", "练习5_对数组的排序\练习5_对数组的排序.csproj", "{9B621A77-5C88-48CE-A93B-AEF9F4C325EC}"
EndProject
Project("{FAE04EC0-301F-11D3-BF4B-00C04F79EFBC}") = "练习6和7_循环练习", "练习6和7_循环练习\练习6和7_循环练习.csproj", "{1525C122-00AD-4F3B-AC2D-A3715AD9BC8E}"
EndProject
Project("{FAE04EC0-301F-11D3-BF4B-00C04F79EFBC}") = "练习8_9和10_for循环练习和字符串处理", "练习8_9和10_for循环练习和字符串处理\练习8_9和10_for循环练习和字符串处理.csproj", "{22ECAA9C-6022-4256-A459-68A643E1BB3E}"
EndProject
Project("{FAE04EC0-301F-11D3-BF4B-00C04F79EFBC}") = "练习11和12_循环练习和字符串处理", "练习11和12_循环练习和字符串处理\练习11和12_循环练习和字符串处理.csproj", "{42CE246B-897B-43D5-BC34-C5B12B412F16}"
EndProject
Project("{FAE04EC0-301F-11D3-BF4B-00C04F79EFBC}") = "函数的定义", "函数的定义\函数的定义.csproj", "{8DDFF1D5-DB35-4352-BB32-E91FA6AB73D5}"
EndProject
Project("{FAE04EC0-301F-11D3-BF4B-00C04F79EFBC}") = "函数的定义和使用_案例练习", "函数的定义和使用_案例练习\函数的定义和使用_案例练习.csproj", "{9F6695E3-7561-4DE2-872C-2EE8D5ECB01C}"
EndProject
Project("{FAE04EC0-301F-11D3-BF4B-00C04F79EFBC}") = "参数数组", "参数数组\参数数组.csproj", "{B5B66DB8-BEE8-4606-8ABB-E7620EBF86FE}"
EndProject
Project("{FAE04EC0-301F-11D3-BF4B-00C04F79EFBC}") = "结构函数的定义和使用", "结构函数的定义和使用\结构函数的定义和使用.csproj", "{AC1F26ED-9E2E-4038-819F-955C5BFC20F3}"
EndProject
Project("{FAE04EC0-301F-11D3-BF4B-00C04F79EFBC}") = "函数的重载", "函数的重载\函数的重载.csproj", "{FA03BA1F-6F49-4E02-9973-7ACBB970A779}"
EndProject
Project("{FAE04EC0-301F-11D3-BF4B-00C04F79EFBC}") = "委托的使用", "委托的使用\委托的使用.csproj", "{19821A9B-A6B2-4B7F-9576-CAA668C1789D}"
EndProject
Project("{FAE04EC0-301F-11D3-BF4B-00C04F79EFBC}") = "函数的递归调用", "函数的递归调用\函数的递归调用.csproj", "{0F05FAAA-26CA-47DA-ABAC-1ED3637B3852}"
EndProject
Project("{FAE04EC0-301F-11D3-BF4B-00C04F79EFBC}") = "循环练习和函数练习", "循环练习和函数练习\循环练习和函数练习.csproj", "{D9953E37-1B1F-4828-A8B2-68ADC6361D0C}"
EndProject
Project("{FAE04EC0-301F-11D3-BF4B-00C04F79EFBC}") = "练习7_8_9", "练习7_8_9\练习7_8_9.csproj", "{3078A50B-C9C5-4DC8-9E81-FBFA81354058}"
EndProject
Project("{FAE04EC0-301F-11D3-BF4B-00C04F79EFBC}") = "练习10_11_循环结构练习", "练习10_11_循环结构练习\练习10_11_循环结构练习.csproj", "{87B60904-4C4A-40A1-9619-24F607F69164}"
EndProject
Project("{FAE04EC0-301F-11D3-BF4B-00C04F79EFBC}") = "中断模式下的调试", "中断模式下的调试\中断模式下的调试.csproj", "{D635C048-1018-4B5E-9FE7-384173C1F374}"
EndProject
Project("{FAE04EC0-301F-11D3-BF4B-00C04F79EFBC}") = "错误处理_异常处理", "错误处理_异常处理\错误处理_异常处理.csproj", "{65D87E0B-8CBD-44DB-9AE0-7A166A04FC85}"
EndProject
Project("{FAE04EC0-301F-11D3-BF4B-00C04F79EFBC}") = "异常处理_案例2", "异常处理_案例2\异常处理_案例2.csproj", "{95AA0E09-B653-47D9-A608-A2E81546A4D6}"
EndProject
Project("{FAE04EC0-301F-11D3-BF4B-00C04F79EFBC}") = "面向对象编程_类", "面向对象编程_类\面向对象编程_类.csproj", "{B4F99520-E213-46CA-AE9F-89499C8A1293}"
EndProject
Project("{FAE04EC0-301F-11D3-BF4B-00C04F79EFBC}") = "类的定义和声明", "类的定义和声明\类的定义和声明.csproj", "{811579E0-8F79-4E19-AB3D-7D77B1997EDD}"
EndProject
Project("{FAE04EC0-301F-11D3-BF4B-00C04F79EFBC}") = "匿名类型", "匿名类型\匿名类型.csproj", "{B7ADE8FC-B5B0-4F50-BBE8-52A19AF8DA1B}"
EndProject
Project("{FAE04EC0-301F-11D3-BF4B-00C04F79EFBC}") = "值类型和引用类型", "值类型和引用类型\值类型和引用类型.csproj", "{5254C9CD-59A5-4780-9912-F6689A1CD336}"
EndProject
Project("{FAE04EC0-301F-11D3-BF4B-00C04F79EFBC}") = "继承", "继承\继承.csproj", "{211C605D-B59A-4433-A11C-AF4E28ECDC06}"
EndProject
Project("{FAE04EC0-301F-11D3-BF4B-00C04F79EFBC}") = "密封类和密封方法", "密封类和密封方法\密封类和密封方法.csproj", "{D1F2007E-DE8C-4F63-A96D-2D1B217FB0F9}"
EndProject
Project("{FAE04EC0-301F-11D3-BF4B-00C04F79EFBC}") = "派生类的构造函数", "派生类的构造函数\派生类的构造函数.csproj", "{3663656E-F77D-4A86-B1DE-12483B19CF38}"
EndProject
Project("{FAE04EC0-301F-11D3-BF4B-00C04F79EFBC}") = "定义和实现接口", "定义和实现接口\定义和实现接口.csproj", "{678E57B8-481B-471D-B6E8-108917B9F3E0}"
EndProject
Project("{FAE04EC0-301F-11D3-BF4B-00C04F79EFBC}") = "列表List的创建和使用", "列表List的创建和使用\列表List的创建和使用.csproj", "{82901C90-0C41-43C6-A9C1-2C6683E8BEA7}"
EndProject
Project("{FAE04EC0-301F-11D3-BF4B-00C04F79EFBC}") = "列表的遍历", "列表的遍历\列表的遍历.csproj", "{89E82093-18C2-4DAB-BAC0-06F2A8CBE2A0}"
EndProject
Project("{FAE04EC0-301F-11D3-BF4B-00C04F79EFBC}") = "操作列表的属性和方法", "操作列表的属性和方法\操作列表的属性和方法.csproj", "{B9594E0E-98B0-4322-8DDA-7955B27967C3}"
EndProject
Project("{FAE04EC0-301F-11D3-BF4B-00C04F79EFBC}") = "泛型_泛型类", "泛型_泛型类\泛型_泛型类.csproj", "{271FAABE-2634-45B9-8C76-A44626DE38BA}"
EndProject
Project("{FAE04EC0-301F-11D3-BF4B-00C04F79EFBC}") = "泛型方法", "泛型方法\泛型方法.csproj", "{84E7450F-4F0C-420F-B5D5-D467EED101D2}"
EndProject
Project("{FAE04EC0-301F-11D3-BF4B-00C04F79EFBC}") = "自定义集合类List", "自定义集合类List\自定义集合类List.csproj", "{F5D67F23-BCD6-428F-9577-00FD0C9D24B3}"
EndProject
Global
	GlobalSection(SolutionConfigurationPlatforms) = preSolution
		Debug|Any CPU = Debug|Any CPU
		Release|Any CPU = Release|Any CPU
	EndGlobalSection
	GlobalSection(ProjectConfigurationPlatforms) = postSolution
		{2D14DB48-0A34-4CAD-9E65-464F4D46AF4D}.Debug|Any CPU.ActiveCfg = Debug|Any CPU
		{2D14DB48-0A34-4CAD-9E65-464F4D46AF4D}.Debug|Any CPU.Build.0 = Debug|Any CPU
		{2D14DB48-0A34-4CAD-9E65-464F4D46AF4D}.Release|Any CPU.ActiveCfg = Release|Any CPU
		{2D14DB48-0A34-4CAD-9E65-464F4D46AF4D}.Release|Any CPU.Build.0 = Release|Any CPU
		{5054A3F4-7C79-4083-BCF6-A84210F0D817}.Debug|Any CPU.ActiveCfg = Debug|Any CPU
		{5054A3F4-7C79-4083-BCF6-A84210F0D817}.Debug|Any CPU.Build.0 = Debug|Any CPU
		{5054A3F4-7C79-4083-BCF6-A84210F0D817}.Release|Any CPU.ActiveCfg = Release|Any CPU
		{5054A3F4-7C79-4083-BCF6-A84210F0D817}.Release|Any CPU.Build.0 = Release|Any CPU
		{5C97458C-88F8-4D80-9FF6-02533DBD05F6}.Debug|Any CPU.ActiveCfg = Debug|Any CPU
		{5C97458C-88F8-4D80-9FF6-02533DBD05F6}.Debug|Any CPU.Build.0 = Debug|Any CPU
		{5C97458C-88F8-4D80-9FF6-02533DBD05F6}.Release|Any CPU.ActiveCfg = Release|Any CPU
		{5C97458C-88F8-4D80-9FF6-02533DBD05F6}.Release|Any CPU.Build.0 = Release|Any CPU
		{F72F1E8F-90A2-47CB-8B1C-D9B4BC861419}.Debug|Any CPU.ActiveCfg = Debug|Any CPU
		{F72F1E8F-90A2-47CB-8B1C-D9B4BC861419}.Debug|Any CPU.Build.0 = Debug|Any CPU
		{F72F1E8F-90A2-47CB-8B1C-D9B4BC861419}.Release|Any CPU.ActiveCfg = Release|Any CPU
		{F72F1E8F-90A2-47CB-8B1C-D9B4BC861419}.Release|Any CPU.Build.0 = Release|Any CPU
		{7FB2EC60-E0CD-4260-BC8A-79A588156356}.Debug|Any CPU.ActiveCfg = Debug|Any CPU
		{7FB2EC60-E0CD-4260-BC8A-79A588156356}.Debug|Any CPU.Build.0 = Debug|Any CPU
		{7FB2EC60-E0CD-4260-BC8A-79A588156356}.Release|Any CPU.ActiveCfg = Release|Any CPU
		{7FB2EC60-E0CD-4260-BC8A-79A588156356}.Release|Any CPU.Build.0 = Release|Any CPU
		{FDA7ADE5-C3D8-4C53-9017-5E0A41050343}.Debug|Any CPU.ActiveCfg = Debug|Any CPU
		{FDA7ADE5-C3D8-4C53-9017-5E0A41050343}.Debug|Any CPU.Build.0 = Debug|Any CPU
		{FDA7ADE5-C3D8-4C53-9017-5E0A41050343}.Release|Any CPU.ActiveCfg = Release|Any CPU
		{FDA7ADE5-C3D8-4C53-9017-5E0A41050343}.Release|Any CPU.Build.0 = Release|Any CPU
		{76249AC2-D3F8-42B2-920E-5105CA1FE9A3}.Debug|Any CPU.ActiveCfg = Debug|Any CPU
		{76249AC2-D3F8-42B2-920E-5105CA1FE9A3}.Debug|Any CPU.Build.0 = Debug|Any CPU
		{76249AC2-D3F8-42B2-920E-5105CA1FE9A3}.Release|Any CPU.ActiveCfg = Release|Any CPU
		{76249AC2-D3F8-42B2-920E-5105CA1FE9A3}.Release|Any CPU.Build.0 = Release|Any CPU
		{0E433EF9-EEE1-462A-A6DA-D365A9FF2F6A}.Debug|Any CPU.ActiveCfg = Debug|Any CPU
		{0E433EF9-EEE1-462A-A6DA-D365A9FF2F6A}.Debug|Any CPU.Build.0 = Debug|Any CPU
		{0E433EF9-EEE1-462A-A6DA-D365A9FF2F6A}.Release|Any CPU.ActiveCfg = Release|Any CPU
		{0E433EF9-EEE1-462A-A6DA-D365A9FF2F6A}.Release|Any CPU.Build.0 = Release|Any CPU
		{745A6F6E-66A2-4B46-983F-B358DFA1D3A1}.Debug|Any CPU.ActiveCfg = Debug|Any CPU
		{745A6F6E-66A2-4B46-983F-B358DFA1D3A1}.Debug|Any CPU.Build.0 = Debug|Any CPU
		{745A6F6E-66A2-4B46-983F-B358DFA1D3A1}.Release|Any CPU.ActiveCfg = Release|Any CPU
		{745A6F6E-66A2-4B46-983F-B358DFA1D3A1}.Release|Any CPU.Build.0 = Release|Any CPU
		{2E25856C-1C12-4192-B43A-13D83347197F}.Debug|Any CPU.ActiveCfg = Debug|Any CPU
		{2E25856C-1C12-4192-B43A-13D83347197F}.Debug|Any CPU.Build.0 = Debug|Any CPU
		{2E25856C-1C12-4192-B43A-13D83347197F}.Release|Any CPU.ActiveCfg = Release|Any CPU
		{2E25856C-1C12-4192-B43A-13D83347197F}.Release|Any CPU.Build.0 = Release|Any CPU
		{2E2BA503-5614-4E96-8E9C-FCBF31D84B7B}.Debug|Any CPU.ActiveCfg = Debug|Any CPU
		{2E2BA503-5614-4E96-8E9C-FCBF31D84B7B}.Debug|Any CPU.Build.0 = Debug|Any CPU
		{2E2BA503-5614-4E96-8E9C-FCBF31D84B7B}.Release|Any CPU.ActiveCfg = Release|Any CPU
		{2E2BA503-5614-4E96-8E9C-FCBF31D84B7B}.Release|Any CPU.Build.0 = Release|Any CPU
		{8793122B-E66B-4ED6-BD5F-819873A1D702}.Debug|Any CPU.ActiveCfg = Debug|Any CPU
		{8793122B-E66B-4ED6-BD5F-819873A1D702}.Debug|Any CPU.Build.0 = Debug|Any CPU
		{8793122B-E66B-4ED6-BD5F-819873A1D702}.Release|Any CPU.ActiveCfg = Release|Any CPU
		{8793122B-E66B-4ED6-BD5F-819873A1D702}.Release|Any CPU.Build.0 = Release|Any CPU
		{70176FA0-8102-430C-8D47-9575F83ED954}.Debug|Any CPU.ActiveCfg = Debug|Any CPU
		{70176FA0-8102-430C-8D47-9575F83ED954}.Debug|Any CPU.Build.0 = Debug|Any CPU
		{70176FA0-8102-430C-8D47-9575F83ED954}.Release|Any CPU.ActiveCfg = Release|Any CPU
		{70176FA0-8102-430C-8D47-9575F83ED954}.Release|Any CPU.Build.0 = Release|Any CPU
		{DD21102C-A291-4694-AE0F-91A9B61876FA}.Debug|Any CPU.ActiveCfg = Debug|Any CPU
		{DD21102C-A291-4694-AE0F-91A9B61876FA}.Debug|Any CPU.Build.0 = Debug|Any CPU
		{DD21102C-A291-4694-AE0F-91A9B61876FA}.Release|Any CPU.ActiveCfg = Release|Any CPU
		{DD21102C-A291-4694-AE0F-91A9B61876FA}.Release|Any CPU.Build.0 = Release|Any CPU
		{AD708EA5-B067-42E5-BCAE-8941E87E302B}.Debug|Any CPU.ActiveCfg = Debug|Any CPU
		{AD708EA5-B067-42E5-BCAE-8941E87E302B}.Debug|Any CPU.Build.0 = Debug|Any CPU
		{AD708EA5-B067-42E5-BCAE-8941E87E302B}.Release|Any CPU.ActiveCfg = Release|Any CPU
		{AD708EA5-B067-42E5-BCAE-8941E87E302B}.Release|Any CPU.Build.0 = Release|Any CPU
		{86B8BD85-AACD-4709-BED1-231ECC30F3D0}.Debug|Any CPU.ActiveCfg = Debug|Any CPU
		{86B8BD85-AACD-4709-BED1-231ECC30F3D0}.Debug|Any CPU.Build.0 = Debug|Any CPU
		{86B8BD85-AACD-4709-BED1-231ECC30F3D0}.Release|Any CPU.ActiveCfg = Release|Any CPU
		{86B8BD85-AACD-4709-BED1-231ECC30F3D0}.Release|Any CPU.Build.0 = Release|Any CPU
		{DCE02C64-56D0-40CB-BA97-849909EDADE0}.Debug|Any CPU.ActiveCfg = Debug|Any CPU
		{DCE02C64-56D0-40CB-BA97-849909EDADE0}.Debug|Any CPU.Build.0 = Debug|Any CPU
		{DCE02C64-56D0-40CB-BA97-849909EDADE0}.Release|Any CPU.ActiveCfg = Release|Any CPU
		{DCE02C64-56D0-40CB-BA97-849909EDADE0}.Release|Any CPU.Build.0 = Release|Any CPU
		{50EB7F92-5B92-49B2-8BFE-3EB7006B4D52}.Debug|Any CPU.ActiveCfg = Debug|Any CPU
		{50EB7F92-5B92-49B2-8BFE-3EB7006B4D52}.Debug|Any CPU.Build.0 = Debug|Any CPU
		{50EB7F92-5B92-49B2-8BFE-3EB7006B4D52}.Release|Any CPU.ActiveCfg = Release|Any CPU
		{50EB7F92-5B92-49B2-8BFE-3EB7006B4D52}.Release|Any CPU.Build.0 = Release|Any CPU
		{F23E13AA-CF9A-4DAC-8614-78509C800791}.Debug|Any CPU.ActiveCfg = Debug|Any CPU
		{F23E13AA-CF9A-4DAC-8614-78509C800791}.Debug|Any CPU.Build.0 = Debug|Any CPU
		{F23E13AA-CF9A-4DAC-8614-78509C800791}.Release|Any CPU.ActiveCfg = Release|Any CPU
		{F23E13AA-CF9A-4DAC-8614-78509C800791}.Release|Any CPU.Build.0 = Release|Any CPU
		{22A924CF-033A-4D9F-837B-D6AC22AD039D}.Debug|Any CPU.ActiveCfg = Debug|Any CPU
		{22A924CF-033A-4D9F-837B-D6AC22AD039D}.Debug|Any CPU.Build.0 = Debug|Any CPU
		{22A924CF-033A-4D9F-837B-D6AC22AD039D}.Release|Any CPU.ActiveCfg = Release|Any CPU
		{22A924CF-033A-4D9F-837B-D6AC22AD039D}.Release|Any CPU.Build.0 = Release|Any CPU
		{52EC6908-B67B-4818-943C-36C5573881E8}.Debug|Any CPU.ActiveCfg = Debug|Any CPU
		{52EC6908-B67B-4818-943C-36C5573881E8}.Debug|Any CPU.Build.0 = Debug|Any CPU
		{52EC6908-B67B-4818-943C-36C5573881E8}.Release|Any CPU.ActiveCfg = Release|Any CPU
		{52EC6908-B67B-4818-943C-36C5573881E8}.Release|Any CPU.Build.0 = Release|Any CPU
		{62C26A8A-D893-49C7-8F69-3CB38D0C55DD}.Debug|Any CPU.ActiveCfg = Debug|Any CPU
		{62C26A8A-D893-49C7-8F69-3CB38D0C55DD}.Debug|Any CPU.Build.0 = Debug|Any CPU
		{62C26A8A-D893-49C7-8F69-3CB38D0C55DD}.Release|Any CPU.ActiveCfg = Release|Any CPU
		{62C26A8A-D893-49C7-8F69-3CB38D0C55DD}.Release|Any CPU.Build.0 = Release|Any CPU
		{14872BB5-87E6-4DFE-B244-97954EEB2604}.Debug|Any CPU.ActiveCfg = Debug|Any CPU
		{14872BB5-87E6-4DFE-B244-97954EEB2604}.Debug|Any CPU.Build.0 = Debug|Any CPU
		{14872BB5-87E6-4DFE-B244-97954EEB2604}.Release|Any CPU.ActiveCfg = Release|Any CPU
		{14872BB5-87E6-4DFE-B244-97954EEB2604}.Release|Any CPU.Build.0 = Release|Any CPU
		{72A59A49-7F76-4745-A506-E94FB824835C}.Debug|Any CPU.ActiveCfg = Debug|Any CPU
		{72A59A49-7F76-4745-A506-E94FB824835C}.Debug|Any CPU.Build.0 = Debug|Any CPU
		{72A59A49-7F76-4745-A506-E94FB824835C}.Release|Any CPU.ActiveCfg = Release|Any CPU
		{72A59A49-7F76-4745-A506-E94FB824835C}.Release|Any CPU.Build.0 = Release|Any CPU
		{2514627C-5307-438A-8B68-23D8B3C2A584}.Debug|Any CPU.ActiveCfg = Debug|Any CPU
		{2514627C-5307-438A-8B68-23D8B3C2A584}.Debug|Any CPU.Build.0 = Debug|Any CPU
		{2514627C-5307-438A-8B68-23D8B3C2A584}.Release|Any CPU.ActiveCfg = Release|Any CPU
		{2514627C-5307-438A-8B68-23D8B3C2A584}.Release|Any CPU.Build.0 = Release|Any CPU
		{0DE51565-0BD4-42EE-AE9E-F256FC84FCF5}.Debug|Any CPU.ActiveCfg = Debug|Any CPU
		{0DE51565-0BD4-42EE-AE9E-F256FC84FCF5}.Debug|Any CPU.Build.0 = Debug|Any CPU
		{0DE51565-0BD4-42EE-AE9E-F256FC84FCF5}.Release|Any CPU.ActiveCfg = Release|Any CPU
		{0DE51565-0BD4-42EE-AE9E-F256FC84FCF5}.Release|Any CPU.Build.0 = Release|Any CPU
		{C10CEF3A-F172-4EFB-83F5-64719AF7AE42}.Debug|Any CPU.ActiveCfg = Debug|Any CPU
		{C10CEF3A-F172-4EFB-83F5-64719AF7AE42}.Debug|Any CPU.Build.0 = Debug|Any CPU
		{C10CEF3A-F172-4EFB-83F5-64719AF7AE42}.Release|Any CPU.ActiveCfg = Release|Any CPU
		{C10CEF3A-F172-4EFB-83F5-64719AF7AE42}.Release|Any CPU.Build.0 = Release|Any CPU
		{57FEC54D-B6DF-4931-A4BB-18B337D772E0}.Debug|Any CPU.ActiveCfg = Debug|Any CPU
		{57FEC54D-B6DF-4931-A4BB-18B337D772E0}.Debug|Any CPU.Build.0 = Debug|Any CPU
		{57FEC54D-B6DF-4931-A4BB-18B337D772E0}.Release|Any CPU.ActiveCfg = Release|Any CPU
		{57FEC54D-B6DF-4931-A4BB-18B337D772E0}.Release|Any CPU.Build.0 = Release|Any CPU
		{D9A22483-596A-495D-B57B-E7C91FC2973C}.Debug|Any CPU.ActiveCfg = Debug|Any CPU
		{D9A22483-596A-495D-B57B-E7C91FC2973C}.Debug|Any CPU.Build.0 = Debug|Any CPU
		{D9A22483-596A-495D-B57B-E7C91FC2973C}.Release|Any CPU.ActiveCfg = Release|Any CPU
		{D9A22483-596A-495D-B57B-E7C91FC2973C}.Release|Any CPU.Build.0 = Release|Any CPU
		{06321099-E3F4-40B9-A496-1FC2A95B21BD}.Debug|Any CPU.ActiveCfg = Debug|Any CPU
		{06321099-E3F4-40B9-A496-1FC2A95B21BD}.Debug|Any CPU.Build.0 = Debug|Any CPU
		{06321099-E3F4-40B9-A496-1FC2A95B21BD}.Release|Any CPU.ActiveCfg = Release|Any CPU
		{06321099-E3F4-40B9-A496-1FC2A95B21BD}.Release|Any CPU.Build.0 = Release|Any CPU
		{D0E10167-C697-473F-9F67-9A036449592E}.Debug|Any CPU.ActiveCfg = Debug|Any CPU
		{D0E10167-C697-473F-9F67-9A036449592E}.Debug|Any CPU.Build.0 = Debug|Any CPU
		{D0E10167-C697-473F-9F67-9A036449592E}.Release|Any CPU.ActiveCfg = Release|Any CPU
		{D0E10167-C697-473F-9F67-9A036449592E}.Release|Any CPU.Build.0 = Release|Any CPU
		{08A80877-85D2-4209-B7B6-D58158EDA3CC}.Debug|Any CPU.ActiveCfg = Debug|Any CPU
		{08A80877-85D2-4209-B7B6-D58158EDA3CC}.Debug|Any CPU.Build.0 = Debug|Any CPU
		{08A80877-85D2-4209-B7B6-D58158EDA3CC}.Release|Any CPU.ActiveCfg = Release|Any CPU
		{08A80877-85D2-4209-B7B6-D58158EDA3CC}.Release|Any CPU.Build.0 = Release|Any CPU
		{5698808F-6206-4B65-899E-04B86546E9C7}.Debug|Any CPU.ActiveCfg = Debug|Any CPU
		{5698808F-6206-4B65-899E-04B86546E9C7}.Debug|Any CPU.Build.0 = Debug|Any CPU
		{5698808F-6206-4B65-899E-04B86546E9C7}.Release|Any CPU.ActiveCfg = Release|Any CPU
		{5698808F-6206-4B65-899E-04B86546E9C7}.Release|Any CPU.Build.0 = Release|Any CPU
		{6EFC775C-1D9E-4051-8BB7-6FAB8B8C214F}.Debug|Any CPU.ActiveCfg = Debug|Any CPU
		{6EFC775C-1D9E-4051-8BB7-6FAB8B8C214F}.Debug|Any CPU.Build.0 = Debug|Any CPU
		{6EFC775C-1D9E-4051-8BB7-6FAB8B8C214F}.Release|Any CPU.ActiveCfg = Release|Any CPU
		{6EFC775C-1D9E-4051-8BB7-6FAB8B8C214F}.Release|Any CPU.Build.0 = Release|Any CPU
		{B8A32C84-F442-46C2-A72C-C1E7C4CD5392}.Debug|Any CPU.ActiveCfg = Debug|Any CPU
		{B8A32C84-F442-46C2-A72C-C1E7C4CD5392}.Debug|Any CPU.Build.0 = Debug|Any CPU
		{B8A32C84-F442-46C2-A72C-C1E7C4CD5392}.Release|Any CPU.ActiveCfg = Release|Any CPU
		{B8A32C84-F442-46C2-A72C-C1E7C4CD5392}.Release|Any CPU.Build.0 = Release|Any CPU
		{6C83BD8C-991E-4D1A-83F2-B1C05985C82C}.Debug|Any CPU.ActiveCfg = Debug|Any CPU
		{6C83BD8C-991E-4D1A-83F2-B1C05985C82C}.Debug|Any CPU.Build.0 = Debug|Any CPU
		{6C83BD8C-991E-4D1A-83F2-B1C05985C82C}.Release|Any CPU.ActiveCfg = Release|Any CPU
		{6C83BD8C-991E-4D1A-83F2-B1C05985C82C}.Release|Any CPU.Build.0 = Release|Any CPU
		{4DAF9DE1-5B23-4E88-9502-A0B5FD2E5301}.Debug|Any CPU.ActiveCfg = Debug|Any CPU
		{4DAF9DE1-5B23-4E88-9502-A0B5FD2E5301}.Debug|Any CPU.Build.0 = Debug|Any CPU
		{4DAF9DE1-5B23-4E88-9502-A0B5FD2E5301}.Release|Any CPU.ActiveCfg = Release|Any CPU
		{4DAF9DE1-5B23-4E88-9502-A0B5FD2E5301}.Release|Any CPU.Build.0 = Release|Any CPU
		{EEB1A47F-B97D-47AB-B757-54A14E5B8586}.Debug|Any CPU.ActiveCfg = Debug|Any CPU
		{EEB1A47F-B97D-47AB-B757-54A14E5B8586}.Debug|Any CPU.Build.0 = Debug|Any CPU
		{EEB1A47F-B97D-47AB-B757-54A14E5B8586}.Release|Any CPU.ActiveCfg = Release|Any CPU
		{EEB1A47F-B97D-47AB-B757-54A14E5B8586}.Release|Any CPU.Build.0 = Release|Any CPU
		{A09B83BC-C034-4DE2-A3B1-7FD0A4074549}.Debug|Any CPU.ActiveCfg = Debug|Any CPU
		{A09B83BC-C034-4DE2-A3B1-7FD0A4074549}.Debug|Any CPU.Build.0 = Debug|Any CPU
		{A09B83BC-C034-4DE2-A3B1-7FD0A4074549}.Release|Any CPU.ActiveCfg = Release|Any CPU
		{A09B83BC-C034-4DE2-A3B1-7FD0A4074549}.Release|Any CPU.Build.0 = Release|Any CPU
		{50180FFD-AF44-47D8-8003-631AD58DDA28}.Debug|Any CPU.ActiveCfg = Debug|Any CPU
		{50180FFD-AF44-47D8-8003-631AD58DDA28}.Debug|Any CPU.Build.0 = Debug|Any CPU
		{50180FFD-AF44-47D8-8003-631AD58DDA28}.Release|Any CPU.ActiveCfg = Release|Any CPU
		{50180FFD-AF44-47D8-8003-631AD58DDA28}.Release|Any CPU.Build.0 = Release|Any CPU
		{B0AC8CEE-72C4-4D7C-98F3-C71A827EB6E3}.Debug|Any CPU.ActiveCfg = Debug|Any CPU
		{B0AC8CEE-72C4-4D7C-98F3-C71A827EB6E3}.Debug|Any CPU.Build.0 = Debug|Any CPU
		{B0AC8CEE-72C4-4D7C-98F3-C71A827EB6E3}.Release|Any CPU.ActiveCfg = Release|Any CPU
		{B0AC8CEE-72C4-4D7C-98F3-C71A827EB6E3}.Release|Any CPU.Build.0 = Release|Any CPU
		{9B621A77-5C88-48CE-A93B-AEF9F4C325EC}.Debug|Any CPU.ActiveCfg = Debug|Any CPU
		{9B621A77-5C88-48CE-A93B-AEF9F4C325EC}.Debug|Any CPU.Build.0 = Debug|Any CPU
		{9B621A77-5C88-48CE-A93B-AEF9F4C325EC}.Release|Any CPU.ActiveCfg = Release|Any CPU
		{9B621A77-5C88-48CE-A93B-AEF9F4C325EC}.Release|Any CPU.Build.0 = Release|Any CPU
		{1525C122-00AD-4F3B-AC2D-A3715AD9BC8E}.Debug|Any CPU.ActiveCfg = Debug|Any CPU
		{1525C122-00AD-4F3B-AC2D-A3715AD9BC8E}.Debug|Any CPU.Build.0 = Debug|Any CPU
		{1525C122-00AD-4F3B-AC2D-A3715AD9BC8E}.Release|Any CPU.ActiveCfg = Release|Any CPU
		{1525C122-00AD-4F3B-AC2D-A3715AD9BC8E}.Release|Any CPU.Build.0 = Release|Any CPU
		{22ECAA9C-6022-4256-A459-68A643E1BB3E}.Debug|Any CPU.ActiveCfg = Debug|Any CPU
		{22ECAA9C-6022-4256-A459-68A643E1BB3E}.Debug|Any CPU.Build.0 = Debug|Any CPU
		{22ECAA9C-6022-4256-A459-68A643E1BB3E}.Release|Any CPU.ActiveCfg = Release|Any CPU
		{22ECAA9C-6022-4256-A459-68A643E1BB3E}.Release|Any CPU.Build.0 = Release|Any CPU
		{42CE246B-897B-43D5-BC34-C5B12B412F16}.Debug|Any CPU.ActiveCfg = Debug|Any CPU
		{42CE246B-897B-43D5-BC34-C5B12B412F16}.Debug|Any CPU.Build.0 = Debug|Any CPU
		{42CE246B-897B-43D5-BC34-C5B12B412F16}.Release|Any CPU.ActiveCfg = Release|Any CPU
		{42CE246B-897B-43D5-BC34-C5B12B412F16}.Release|Any CPU.Build.0 = Release|Any CPU
		{8DDFF1D5-DB35-4352-BB32-E91FA6AB73D5}.Debug|Any CPU.ActiveCfg = Debug|Any CPU
		{8DDFF1D5-DB35-4352-BB32-E91FA6AB73D5}.Debug|Any CPU.Build.0 = Debug|Any CPU
		{8DDFF1D5-DB35-4352-BB32-E91FA6AB73D5}.Release|Any CPU.ActiveCfg = Release|Any CPU
		{8DDFF1D5-DB35-4352-BB32-E91FA6AB73D5}.Release|Any CPU.Build.0 = Release|Any CPU
		{9F6695E3-7561-4DE2-872C-2EE8D5ECB01C}.Debug|Any CPU.ActiveCfg = Debug|Any CPU
		{9F6695E3-7561-4DE2-872C-2EE8D5ECB01C}.Debug|Any CPU.Build.0 = Debug|Any CPU
		{9F6695E3-7561-4DE2-872C-2EE8D5ECB01C}.Release|Any CPU.ActiveCfg = Release|Any CPU
		{9F6695E3-7561-4DE2-872C-2EE8D5ECB01C}.Release|Any CPU.Build.0 = Release|Any CPU
		{B5B66DB8-BEE8-4606-8ABB-E7620EBF86FE}.Debug|Any CPU.ActiveCfg = Debug|Any CPU
		{B5B66DB8-BEE8-4606-8ABB-E7620EBF86FE}.Debug|Any CPU.Build.0 = Debug|Any CPU
		{B5B66DB8-BEE8-4606-8ABB-E7620EBF86FE}.Release|Any CPU.ActiveCfg = Release|Any CPU
		{B5B66DB8-BEE8-4606-8ABB-E7620EBF86FE}.Release|Any CPU.Build.0 = Release|Any CPU
		{AC1F26ED-9E2E-4038-819F-955C5BFC20F3}.Debug|Any CPU.ActiveCfg = Debug|Any CPU
		{AC1F26ED-9E2E-4038-819F-955C5BFC20F3}.Debug|Any CPU.Build.0 = Debug|Any CPU
		{AC1F26ED-9E2E-4038-819F-955C5BFC20F3}.Release|Any CPU.ActiveCfg = Release|Any CPU
		{AC1F26ED-9E2E-4038-819F-955C5BFC20F3}.Release|Any CPU.Build.0 = Release|Any CPU
		{FA03BA1F-6F49-4E02-9973-7ACBB970A779}.Debug|Any CPU.ActiveCfg = Debug|Any CPU
		{FA03BA1F-6F49-4E02-9973-7ACBB970A779}.Debug|Any CPU.Build.0 = Debug|Any CPU
		{FA03BA1F-6F49-4E02-9973-7ACBB970A779}.Release|Any CPU.ActiveCfg = Release|Any CPU
		{FA03BA1F-6F49-4E02-9973-7ACBB970A779}.Release|Any CPU.Build.0 = Release|Any CPU
		{19821A9B-A6B2-4B7F-9576-CAA668C1789D}.Debug|Any CPU.ActiveCfg = Debug|Any CPU
		{19821A9B-A6B2-4B7F-9576-CAA668C1789D}.Debug|Any CPU.Build.0 = Debug|Any CPU
		{19821A9B-A6B2-4B7F-9576-CAA668C1789D}.Release|Any CPU.ActiveCfg = Release|Any CPU
		{19821A9B-A6B2-4B7F-9576-CAA668C1789D}.Release|Any CPU.Build.0 = Release|Any CPU
		{0F05FAAA-26CA-47DA-ABAC-1ED3637B3852}.Debug|Any CPU.ActiveCfg = Debug|Any CPU
		{0F05FAAA-26CA-47DA-ABAC-1ED3637B3852}.Debug|Any CPU.Build.0 = Debug|Any CPU
		{0F05FAAA-26CA-47DA-ABAC-1ED3637B3852}.Release|Any CPU.ActiveCfg = Release|Any CPU
		{0F05FAAA-26CA-47DA-ABAC-1ED3637B3852}.Release|Any CPU.Build.0 = Release|Any CPU
		{D9953E37-1B1F-4828-A8B2-68ADC6361D0C}.Debug|Any CPU.ActiveCfg = Debug|Any CPU
		{D9953E37-1B1F-4828-A8B2-68ADC6361D0C}.Debug|Any CPU.Build.0 = Debug|Any CPU
		{D9953E37-1B1F-4828-A8B2-68ADC6361D0C}.Release|Any CPU.ActiveCfg = Release|Any CPU
		{D9953E37-1B1F-4828-A8B2-68ADC6361D0C}.Release|Any CPU.Build.0 = Release|Any CPU
		{3078A50B-C9C5-4DC8-9E81-FBFA81354058}.Debug|Any CPU.ActiveCfg = Debug|Any CPU
		{3078A50B-C9C5-4DC8-9E81-FBFA81354058}.Debug|Any CPU.Build.0 = Debug|Any CPU
		{3078A50B-C9C5-4DC8-9E81-FBFA81354058}.Release|Any CPU.ActiveCfg = Release|Any CPU
		{3078A50B-C9C5-4DC8-9E81-FBFA81354058}.Release|Any CPU.Build.0 = Release|Any CPU
		{87B60904-4C4A-40A1-9619-24F607F69164}.Debug|Any CPU.ActiveCfg = Debug|Any CPU
		{87B60904-4C4A-40A1-9619-24F607F69164}.Debug|Any CPU.Build.0 = Debug|Any CPU
		{87B60904-4C4A-40A1-9619-24F607F69164}.Release|Any CPU.ActiveCfg = Release|Any CPU
		{87B60904-4C4A-40A1-9619-24F607F69164}.Release|Any CPU.Build.0 = Release|Any CPU
		{D635C048-1018-4B5E-9FE7-384173C1F374}.Debug|Any CPU.ActiveCfg = Debug|Any CPU
		{D635C048-1018-4B5E-9FE7-384173C1F374}.Debug|Any CPU.Build.0 = Debug|Any CPU
		{D635C048-1018-4B5E-9FE7-384173C1F374}.Release|Any CPU.ActiveCfg = Release|Any CPU
		{D635C048-1018-4B5E-9FE7-384173C1F374}.Release|Any CPU.Build.0 = Release|Any CPU
		{65D87E0B-8CBD-44DB-9AE0-7A166A04FC85}.Debug|Any CPU.ActiveCfg = Debug|Any CPU
		{65D87E0B-8CBD-44DB-9AE0-7A166A04FC85}.Debug|Any CPU.Build.0 = Debug|Any CPU
		{65D87E0B-8CBD-44DB-9AE0-7A166A04FC85}.Release|Any CPU.ActiveCfg = Release|Any CPU
		{65D87E0B-8CBD-44DB-9AE0-7A166A04FC85}.Release|Any CPU.Build.0 = Release|Any CPU
		{95AA0E09-B653-47D9-A608-A2E81546A4D6}.Debug|Any CPU.ActiveCfg = Debug|Any CPU
		{95AA0E09-B653-47D9-A608-A2E81546A4D6}.Debug|Any CPU.Build.0 = Debug|Any CPU
		{95AA0E09-B653-47D9-A608-A2E81546A4D6}.Release|Any CPU.ActiveCfg = Release|Any CPU
		{95AA0E09-B653-47D9-A608-A2E81546A4D6}.Release|Any CPU.Build.0 = Release|Any CPU
		{B4F99520-E213-46CA-AE9F-89499C8A1293}.Debug|Any CPU.ActiveCfg = Debug|Any CPU
		{B4F99520-E213-46CA-AE9F-89499C8A1293}.Debug|Any CPU.Build.0 = Debug|Any CPU
		{B4F99520-E213-46CA-AE9F-89499C8A1293}.Release|Any CPU.ActiveCfg = Release|Any CPU
		{B4F99520-E213-46CA-AE9F-89499C8A1293}.Release|Any CPU.Build.0 = Release|Any CPU
		{811579E0-8F79-4E19-AB3D-7D77B1997EDD}.Debug|Any CPU.ActiveCfg = Debug|Any CPU
		{811579E0-8F79-4E19-AB3D-7D77B1997EDD}.Debug|Any CPU.Build.0 = Debug|Any CPU
		{811579E0-8F79-4E19-AB3D-7D77B1997EDD}.Release|Any CPU.ActiveCfg = Release|Any CPU
		{811579E0-8F79-4E19-AB3D-7D77B1997EDD}.Release|Any CPU.Build.0 = Release|Any CPU
		{B7ADE8FC-B5B0-4F50-BBE8-52A19AF8DA1B}.Debug|Any CPU.ActiveCfg = Debug|Any CPU
		{B7ADE8FC-B5B0-4F50-BBE8-52A19AF8DA1B}.Debug|Any CPU.Build.0 = Debug|Any CPU
		{B7ADE8FC-B5B0-4F50-BBE8-52A19AF8DA1B}.Release|Any CPU.ActiveCfg = Release|Any CPU
		{B7ADE8FC-B5B0-4F50-BBE8-52A19AF8DA1B}.Release|Any CPU.Build.0 = Release|Any CPU
		{5254C9CD-59A5-4780-9912-F6689A1CD336}.Debug|Any CPU.ActiveCfg = Debug|Any CPU
		{5254C9CD-59A5-4780-9912-F6689A1CD336}.Debug|Any CPU.Build.0 = Debug|Any CPU
		{5254C9CD-59A5-4780-9912-F6689A1CD336}.Release|Any CPU.ActiveCfg = Release|Any CPU
		{5254C9CD-59A5-4780-9912-F6689A1CD336}.Release|Any CPU.Build.0 = Release|Any CPU
		{211C605D-B59A-4433-A11C-AF4E28ECDC06}.Debug|Any CPU.ActiveCfg = Debug|Any CPU
		{211C605D-B59A-4433-A11C-AF4E28ECDC06}.Debug|Any CPU.Build.0 = Debug|Any CPU
		{211C605D-B59A-4433-A11C-AF4E28ECDC06}.Release|Any CPU.ActiveCfg = Release|Any CPU
		{211C605D-B59A-4433-A11C-AF4E28ECDC06}.Release|Any CPU.Build.0 = Release|Any CPU
		{D1F2007E-DE8C-4F63-A96D-2D1B217FB0F9}.Debug|Any CPU.ActiveCfg = Debug|Any CPU
		{D1F2007E-DE8C-4F63-A96D-2D1B217FB0F9}.Debug|Any CPU.Build.0 = Debug|Any CPU
		{D1F2007E-DE8C-4F63-A96D-2D1B217FB0F9}.Release|Any CPU.ActiveCfg = Release|Any CPU
		{D1F2007E-DE8C-4F63-A96D-2D1B217FB0F9}.Release|Any CPU.Build.0 = Release|Any CPU
		{3663656E-F77D-4A86-B1DE-12483B19CF38}.Debug|Any CPU.ActiveCfg = Debug|Any CPU
		{3663656E-F77D-4A86-B1DE-12483B19CF38}.Debug|Any CPU.Build.0 = Debug|Any CPU
		{3663656E-F77D-4A86-B1DE-12483B19CF38}.Release|Any CPU.ActiveCfg = Release|Any CPU
		{3663656E-F77D-4A86-B1DE-12483B19CF38}.Release|Any CPU.Build.0 = Release|Any CPU
		{678E57B8-481B-471D-B6E8-108917B9F3E0}.Debug|Any CPU.ActiveCfg = Debug|Any CPU
		{678E57B8-481B-471D-B6E8-108917B9F3E0}.Debug|Any CPU.Build.0 = Debug|Any CPU
		{678E57B8-481B-471D-B6E8-108917B9F3E0}.Release|Any CPU.ActiveCfg = Release|Any CPU
		{678E57B8-481B-471D-B6E8-108917B9F3E0}.Release|Any CPU.Build.0 = Release|Any CPU
		{82901C90-0C41-43C6-A9C1-2C6683E8BEA7}.Debug|Any CPU.ActiveCfg = Debug|Any CPU
		{82901C90-0C41-43C6-A9C1-2C6683E8BEA7}.Debug|Any CPU.Build.0 = Debug|Any CPU
		{82901C90-0C41-43C6-A9C1-2C6683E8BEA7}.Release|Any CPU.ActiveCfg = Release|Any CPU
		{82901C90-0C41-43C6-A9C1-2C6683E8BEA7}.Release|Any CPU.Build.0 = Release|Any CPU
		{89E82093-18C2-4DAB-BAC0-06F2A8CBE2A0}.Debug|Any CPU.ActiveCfg = Debug|Any CPU
		{89E82093-18C2-4DAB-BAC0-06F2A8CBE2A0}.Debug|Any CPU.Build.0 = Debug|Any CPU
		{89E82093-18C2-4DAB-BAC0-06F2A8CBE2A0}.Release|Any CPU.ActiveCfg = Release|Any CPU
		{89E82093-18C2-4DAB-BAC0-06F2A8CBE2A0}.Release|Any CPU.Build.0 = Release|Any CPU
		{B9594E0E-98B0-4322-8DDA-7955B27967C3}.Debug|Any CPU.ActiveCfg = Debug|Any CPU
		{B9594E0E-98B0-4322-8DDA-7955B27967C3}.Debug|Any CPU.Build.0 = Debug|Any CPU
		{B9594E0E-98B0-4322-8DDA-7955B27967C3}.Release|Any CPU.ActiveCfg = Release|Any CPU
		{B9594E0E-98B0-4322-8DDA-7955B27967C3}.Release|Any CPU.Build.0 = Release|Any CPU
		{271FAABE-2634-45B9-8C76-A44626DE38BA}.Debug|Any CPU.ActiveCfg = Debug|Any CPU
		{271FAABE-2634-45B9-8C76-A44626DE38BA}.Debug|Any CPU.Build.0 = Debug|Any CPU
		{271FAABE-2634-45B9-8C76-A44626DE38BA}.Release|Any CPU.ActiveCfg = Release|Any CPU
		{271FAABE-2634-45B9-8C76-A44626DE38BA}.Release|Any CPU.Build.0 = Release|Any CPU
		{84E7450F-4F0C-420F-B5D5-D467EED101D2}.Debug|Any CPU.ActiveCfg = Debug|Any CPU
		{84E7450F-4F0C-420F-B5D5-D467EED101D2}.Debug|Any CPU.Build.0 = Debug|Any CPU
		{84E7450F-4F0C-420F-B5D5-D467EED101D2}.Release|Any CPU.ActiveCfg = Release|Any CPU
		{84E7450F-4F0C-420F-B5D5-D467EED101D2}.Release|Any CPU.Build.0 = Release|Any CPU
		{F5D67F23-BCD6-428F-9577-00FD0C9D24B3}.Debug|Any CPU.ActiveCfg = Debug|Any CPU
		{F5D67F23-BCD6-428F-9577-00FD0C9D24B3}.Debug|Any CPU.Build.0 = Debug|Any CPU
		{F5D67F23-BCD6-428F-9577-00FD0C9D24B3}.Release|Any CPU.ActiveCfg = Release|Any CPU
		{F5D67F23-BCD6-428F-9577-00FD0C9D24B3}.Release|Any CPU.Build.0 = Release|Any CPU
	EndGlobalSection
	GlobalSection(SolutionProperties) = preSolution
		HideSolutionNode = FALSE
	EndGlobalSection
	GlobalSection(ExtensibilityGlobals) = postSolution
		SolutionGuid = {41C6834E-C7BC-4691-9618-03083EE49172}
	EndGlobalSection
EndGlobal
